
Microsoft Visual Studio Solution File, Format Version 12.00
Project("{FAE04EC0-301F-11D3-BF4B-00C04F79EFBC}") = "Mongo", "Mongo\Mongo.csproj", "{00839345-4282-4D59-8455-B436E0409C58}"
EndProject
Global
	GlobalSection(SolutionConfigurationPlatforms) = preSolution
		Debug|Any CPU = Debug|Any CPU
		Release|Any CPU = Release|Any CPU
	EndGlobalSection
	GlobalSection(ProjectConfigurationPlatforms) = postSolution
		{00839345-4282-4D59-8455-B436E0409C58}.Debug|Any CPU.ActiveCfg = Debug|Any CPU
		{00839345-4282-4D59-8455-B436E0409C58}.Debug|Any CPU.Build.0 = Debug|Any CPU
		{00839345-4282-4D59-8455-B436E0409C58}.Release|Any CPU.ActiveCfg = Release|Any CPU
		{00839345-4282-4D59-8455-B436E0409C58}.Release|Any CPU.Build.0 = Release|Any CPU
	EndGlobalSection
EndGlobal
